{
    "version": 3,
    "terraform_version": "0.11.11",
    "serial": 2,
    "lineage": "fa3d54f9-7f7e-dc8c-5b4c-7b4b0595ca90",
    "modules": [
        {
            "path": [
                "root"
            ],
            "outputs": {},
            "resources": {},
            "depends_on": []
        },
        {
            "path": [
                "root",
                "dev-ec2-pub"
            ],
            "outputs": {},
            "resources": {
                "aws_instance.tf-instance": {
                    "type": "aws_instance",
                    "depends_on": [
                        "data.aws_ami.ubuntu"
                    ],
                    "primary": {
                        "id": "i-02c766acb11d8a5cb",
                        "attributes": {
                            "ami": "ami-0ac019f4fcb7cb7e6",
                            "arn": "arn:aws:ec2:us-east-1:994028855668:instance/i-02c766acb11d8a5cb",
                            "associate_public_ip_address": "true",
                            "availability_zone": "us-east-1a",
                            "cpu_core_count": "1",
                            "cpu_threads_per_core": "1",
                            "credit_specification.#": "1",
                            "credit_specification.0.cpu_credits": "standard",
                            "disable_api_termination": "false",
                            "ebs_block_device.#": "0",
                            "ebs_optimized": "false",
                            "ephemeral_block_device.#": "0",
                            "get_password_data": "false",
                            "iam_instance_profile": "",
                            "id": "i-02c766acb11d8a5cb",
                            "instance_state": "running",
                            "instance_type": "t2.micro",
                            "ipv6_addresses.#": "0",
                            "key_name": "fvarela-aws",
                            "monitoring": "false",
                            "network_interface.#": "0",
                            "network_interface_id": "eni-0d12804e4808a21db",
                            "password_data": "",
                            "placement_group": "",
                            "primary_network_interface_id": "eni-0d12804e4808a21db",
                            "private_dns": "ip-192-168-1-29.ec2.internal",
                            "private_ip": "192.168.1.29",
                            "public_dns": "",
                            "public_ip": "34.236.147.175",
                            "root_block_device.#": "1",
                            "root_block_device.0.delete_on_termination": "true",
                            "root_block_device.0.iops": "100",
                            "root_block_device.0.volume_id": "vol-03ad13053092ea58d",
                            "root_block_device.0.volume_size": "8",
                            "root_block_device.0.volume_type": "gp2",
                            "security_groups.#": "0",
                            "source_dest_check": "true",
                            "subnet_id": "subnet-0d4cb3d6af8a57e31",
                            "tags.%": "1",
                            "tags.Name": "tf-instance-1-dev",
                            "tenancy": "default",
                            "volume_tags.%": "0",
                            "vpc_security_group_ids.#": "1",
                            "vpc_security_group_ids.613558020": "sg-0be07f24c2242dac9"
                        },
                        "meta": {
                            "e2bfb730-ecaa-11e6-8f88-34363bc7c4c0": {
                                "create": 600000000000,
                                "delete": 1200000000000,
                                "update": 600000000000
                            },
                            "schema_version": "1"
                        },
                        "tainted": false
                    },
                    "deposed": [],
                    "provider": "provider.aws"
                },
                "data.aws_ami.ubuntu": {
                    "type": "aws_ami",
                    "depends_on": [],
                    "primary": {
                        "id": "ami-0ac019f4fcb7cb7e6",
                        "attributes": {
                            "architecture": "x86_64",
                            "block_device_mappings.#": "3",
                            "block_device_mappings.1634610537.device_name": "/dev/sdb",
                            "block_device_mappings.1634610537.ebs.%": "0",
                            "block_device_mappings.1634610537.no_device": "",
                            "block_device_mappings.1634610537.virtual_name": "ephemeral0",
                            "block_device_mappings.2547816212.device_name": "/dev/sda1",
                            "block_device_mappings.2547816212.ebs.%": "6",
                            "block_device_mappings.2547816212.ebs.delete_on_termination": "true",
                            "block_device_mappings.2547816212.ebs.encrypted": "false",
                            "block_device_mappings.2547816212.ebs.iops": "0",
                            "block_device_mappings.2547816212.ebs.snapshot_id": "snap-0f08fe61aa57fc583",
                            "block_device_mappings.2547816212.ebs.volume_size": "8",
                            "block_device_mappings.2547816212.ebs.volume_type": "gp2",
                            "block_device_mappings.2547816212.no_device": "",
                            "block_device_mappings.2547816212.virtual_name": "",
                            "block_device_mappings.3850042718.device_name": "/dev/sdc",
                            "block_device_mappings.3850042718.ebs.%": "0",
                            "block_device_mappings.3850042718.no_device": "",
                            "block_device_mappings.3850042718.virtual_name": "ephemeral1",
                            "creation_date": "2018-09-12T21:04:17.000Z",
                            "description": "Canonical, Ubuntu, 18.04 LTS, amd64 bionic image build on 2018-09-12",
                            "filter.#": "1",
                            "filter.898703252.name": "name",
                            "filter.898703252.values.#": "1",
                            "filter.898703252.values.0": "ubuntu/images/hvm-ssd/ubuntu-bionic-18.04-amd64-server-20180912",
                            "hypervisor": "xen",
                            "id": "ami-0ac019f4fcb7cb7e6",
                            "image_id": "ami-0ac019f4fcb7cb7e6",
                            "image_location": "099720109477/ubuntu/images/hvm-ssd/ubuntu-bionic-18.04-amd64-server-20180912",
                            "image_type": "machine",
                            "most_recent": "true",
                            "name": "ubuntu/images/hvm-ssd/ubuntu-bionic-18.04-amd64-server-20180912",
                            "owner_id": "099720109477",
                            "owners.#": "1",
                            "owners.0": "099720109477",
                            "product_codes.#": "0",
                            "public": "true",
                            "root_device_name": "/dev/sda1",
                            "root_device_type": "ebs",
                            "root_snapshot_id": "snap-0f08fe61aa57fc583",
                            "sriov_net_support": "simple",
                            "state": "available",
                            "state_reason.%": "2",
                            "state_reason.code": "UNSET",
                            "state_reason.message": "UNSET",
                            "tags.%": "0",
                            "virtualization_type": "hvm"
                        },
                        "meta": {},
                        "tainted": false
                    },
                    "deposed": [],
                    "provider": "provider.aws"
                }
            },
            "depends_on": []
        },
        {
            "path": [
                "root",
                "dev-vpc"
            ],
            "outputs": {
                "sg_ssh": {
                    "sensitive": false,
                    "type": "string",
                    "value": "sg-0be07f24c2242dac9"
                },
                "subnets_pri": {
                    "sensitive": false,
                    "type": "list",
                    "value": [
                        "subnet-033a8468a24a9b5f3",
                        "subnet-07d279c56a6d830ce"
                    ]
                },
                "subnets_pub": {
                    "sensitive": false,
                    "type": "list",
                    "value": [
                        "subnet-0d4cb3d6af8a57e31",
                        "subnet-0b48e78af01e7218c"
                    ]
                }
            },
            "resources": {
                "aws_default_network_acl.tf-acl-vpc": {
                    "type": "aws_default_network_acl",
                    "depends_on": [
                        "aws_vpc.tf-vpc"
                    ],
                    "primary": {
                        "id": "",
                        "attributes": {},
                        "meta": {},
                        "tainted": false
                    },
                    "deposed": [],
                    "provider": "provider.aws"
                },
                "aws_default_route_table.tf-rt-vpc": {
                    "type": "aws_default_route_table",
                    "depends_on": [
                        "aws_vpc.tf-vpc"
                    ],
                    "primary": {
                        "id": "",
                        "attributes": {},
                        "meta": {},
                        "tainted": false
                    },
                    "deposed": [],
                    "provider": "provider.aws"
                },
                "aws_default_security_group.default": {
                    "type": "aws_default_security_group",
                    "depends_on": [
                        "aws_vpc.tf-vpc"
                    ],
                    "primary": {
                        "id": "",
                        "attributes": {},
                        "meta": {},
                        "tainted": false
                    },
                    "deposed": [],
                    "provider": "provider.aws"
                },
                "aws_internet_gateway.tf-igw": {
                    "type": "aws_internet_gateway",
                    "depends_on": [
                        "aws_vpc.tf-vpc"
                    ],
                    "primary": {
                        "id": "igw-0af4095517b44ef17",
                        "attributes": {
                            "id": "igw-0af4095517b44ef17",
                            "owner_id": "994028855668",
                            "tags.%": "1",
                            "tags.Name": "tf-igw-dev",
                            "vpc_id": "vpc-0a4245b84c4053f4f"
                        },
                        "meta": {},
                        "tainted": false
                    },
                    "deposed": [],
                    "provider": "provider.aws"
                },
                "aws_route_table.tf-rt-pri": {
                    "type": "aws_route_table",
                    "depends_on": [
                        "aws_vpc.tf-vpc"
                    ],
                    "primary": {
                        "id": "",
                        "attributes": {},
                        "meta": {},
                        "tainted": false
                    },
                    "deposed": [],
                    "provider": "provider.aws"
                },
                "aws_route_table.tf-rt-pub": {
                    "type": "aws_route_table",
                    "depends_on": [
                        "aws_internet_gateway.tf-igw",
                        "aws_vpc.tf-vpc"
                    ],
                    "primary": {
                        "id": "",
                        "attributes": {},
                        "meta": {},
                        "tainted": false
                    },
                    "deposed": [],
                    "provider": "provider.aws"
                },
                "aws_route_table_association.tf-rt-pri.0": {
                    "type": "aws_route_table_association",
                    "depends_on": [
                        "aws_route_table.tf-rt-pri",
                        "aws_subnet.tf-subnet-pri.*"
                    ],
                    "primary": {
                        "id": "",
                        "attributes": {},
                        "meta": {},
                        "tainted": false
                    },
                    "deposed": [],
                    "provider": "provider.aws"
                },
                "aws_route_table_association.tf-rt-pri.1": {
                    "type": "aws_route_table_association",
                    "depends_on": [
                        "aws_route_table.tf-rt-pri",
                        "aws_subnet.tf-subnet-pri.*"
                    ],
                    "primary": {
                        "id": "",
                        "attributes": {},
                        "meta": {},
                        "tainted": false
                    },
                    "deposed": [],
                    "provider": "provider.aws"
                },
                "aws_route_table_association.tf-rt-pub.0": {
                    "type": "aws_route_table_association",
                    "depends_on": [
                        "aws_route_table.tf-rt-pub",
                        "aws_subnet.tf-subnet-pub.*"
                    ],
                    "primary": {
                        "id": "",
                        "attributes": {},
                        "meta": {},
                        "tainted": false
                    },
                    "deposed": [],
                    "provider": "provider.aws"
                },
                "aws_route_table_association.tf-rt-pub.1": {
                    "type": "aws_route_table_association",
                    "depends_on": [
                        "aws_route_table.tf-rt-pub",
                        "aws_subnet.tf-subnet-pub.*"
                    ],
                    "primary": {
                        "id": "",
                        "attributes": {},
                        "meta": {},
                        "tainted": false
                    },
                    "deposed": [],
                    "provider": "provider.aws"
                },
                "aws_security_group.tf-sg-ssh": {
                    "type": "aws_security_group",
                    "depends_on": [
                        "aws_vpc.tf-vpc"
                    ],
                    "primary": {
                        "id": "sg-0be07f24c2242dac9",
                        "attributes": {
                            "arn": "arn:aws:ec2:us-east-1:994028855668:security-group/sg-0be07f24c2242dac9",
                            "description": "Terraform created - Allow ssh inbound traffic",
                            "egress.#": "1",
                            "egress.482069346.cidr_blocks.#": "1",
                            "egress.482069346.cidr_blocks.0": "0.0.0.0/0",
                            "egress.482069346.description": "",
                            "egress.482069346.from_port": "0",
                            "egress.482069346.ipv6_cidr_blocks.#": "0",
                            "egress.482069346.prefix_list_ids.#": "0",
                            "egress.482069346.protocol": "-1",
                            "egress.482069346.security_groups.#": "0",
                            "egress.482069346.self": "false",
                            "egress.482069346.to_port": "0",
                            "id": "sg-0be07f24c2242dac9",
                            "ingress.#": "1",
                            "ingress.2541437006.cidr_blocks.#": "1",
                            "ingress.2541437006.cidr_blocks.0": "0.0.0.0/0",
                            "ingress.2541437006.description": "",
                            "ingress.2541437006.from_port": "22",
                            "ingress.2541437006.ipv6_cidr_blocks.#": "0",
                            "ingress.2541437006.prefix_list_ids.#": "0",
                            "ingress.2541437006.protocol": "tcp",
                            "ingress.2541437006.security_groups.#": "0",
                            "ingress.2541437006.self": "false",
                            "ingress.2541437006.to_port": "22",
                            "name": "tf-sg-ssh",
                            "owner_id": "994028855668",
                            "revoke_rules_on_delete": "false",
                            "tags.%": "1",
                            "tags.Name": "tf-sg-ssh",
                            "vpc_id": "vpc-0a4245b84c4053f4f"
                        },
                        "meta": {
                            "e2bfb730-ecaa-11e6-8f88-34363bc7c4c0": {
                                "create": 600000000000,
                                "delete": 600000000000
                            },
                            "schema_version": "1"
                        },
                        "tainted": false
                    },
                    "deposed": [],
                    "provider": "provider.aws"
                },
                "aws_subnet.tf-subnet-pri.0": {
                    "type": "aws_subnet",
                    "depends_on": [
                        "aws_vpc.tf-vpc",
                        "data.aws_availability_zones.azs"
                    ],
                    "primary": {
                        "id": "",
                        "attributes": {},
                        "meta": {},
                        "tainted": false
                    },
                    "deposed": [],
                    "provider": "provider.aws"
                },
                "aws_subnet.tf-subnet-pri.1": {
                    "type": "aws_subnet",
                    "depends_on": [
                        "aws_vpc.tf-vpc",
                        "data.aws_availability_zones.azs"
                    ],
                    "primary": {
                        "id": "",
                        "attributes": {},
                        "meta": {},
                        "tainted": false
                    },
                    "deposed": [],
                    "provider": "provider.aws"
                },
                "aws_subnet.tf-subnet-pub.0": {
                    "type": "aws_subnet",
                    "depends_on": [
                        "aws_vpc.tf-vpc",
                        "data.aws_availability_zones.azs"
                    ],
                    "primary": {
                        "id": "subnet-0d4cb3d6af8a57e31",
                        "attributes": {
                            "arn": "arn:aws:ec2:us-east-1:994028855668:subnet/subnet-0d4cb3d6af8a57e31",
                            "assign_ipv6_address_on_creation": "false",
                            "availability_zone": "us-east-1a",
                            "availability_zone_id": "use1-az4",
                            "cidr_block": "192.168.1.0/26",
                            "id": "subnet-0d4cb3d6af8a57e31",
                            "ipv6_cidr_block": "",
                            "ipv6_cidr_block_association_id": "",
                            "map_public_ip_on_launch": "true",
                            "owner_id": "994028855668",
                            "tags.%": "1",
                            "tags.Name": "tf-subnet-pub-1-dev",
                            "vpc_id": "vpc-0a4245b84c4053f4f"
                        },
                        "meta": {
                            "e2bfb730-ecaa-11e6-8f88-34363bc7c4c0": {
                                "create": 600000000000,
                                "delete": 600000000000
                            },
                            "schema_version": "1"
                        },
                        "tainted": false
                    },
                    "deposed": [],
                    "provider": "provider.aws"
                },
                "aws_subnet.tf-subnet-pub.1": {
                    "type": "aws_subnet",
                    "depends_on": [
                        "aws_vpc.tf-vpc",
                        "data.aws_availability_zones.azs"
                    ],
                    "primary": {
                        "id": "subnet-0b48e78af01e7218c",
                        "attributes": {
                            "arn": "arn:aws:ec2:us-east-1:994028855668:subnet/subnet-0b48e78af01e7218c",
                            "assign_ipv6_address_on_creation": "false",
                            "availability_zone": "us-east-1b",
                            "availability_zone_id": "use1-az6",
                            "cidr_block": "192.168.1.64/26",
                            "id": "subnet-0b48e78af01e7218c",
                            "ipv6_cidr_block": "",
                            "ipv6_cidr_block_association_id": "",
                            "map_public_ip_on_launch": "true",
                            "owner_id": "994028855668",
                            "tags.%": "1",
                            "tags.Name": "tf-subnet-pub-2-dev",
                            "vpc_id": "vpc-0a4245b84c4053f4f"
                        },
                        "meta": {
                            "e2bfb730-ecaa-11e6-8f88-34363bc7c4c0": {
                                "create": 600000000000,
                                "delete": 600000000000
                            },
                            "schema_version": "1"
                        },
                        "tainted": false
                    },
                    "deposed": [],
                    "provider": "provider.aws"
                },
                "aws_vpc.tf-vpc": {
                    "type": "aws_vpc",
                    "depends_on": [],
                    "primary": {
                        "id": "vpc-0a4245b84c4053f4f",
                        "attributes": {
                            "arn": "arn:aws:ec2:us-east-1:994028855668:vpc/vpc-0a4245b84c4053f4f",
                            "assign_generated_ipv6_cidr_block": "false",
                            "cidr_block": "192.168.1.0/24",
                            "default_network_acl_id": "acl-0a8c987aca4900039",
                            "default_route_table_id": "rtb-0c1e4fd70a2cb99ff",
                            "default_security_group_id": "sg-0d5525e4c513e2ba2",
                            "dhcp_options_id": "dopt-dfe4d9a7",
                            "enable_classiclink": "false",
                            "enable_classiclink_dns_support": "false",
                            "enable_dns_hostnames": "false",
                            "enable_dns_support": "true",
                            "id": "vpc-0a4245b84c4053f4f",
                            "instance_tenancy": "default",
                            "ipv6_association_id": "",
                            "ipv6_cidr_block": "",
                            "main_route_table_id": "rtb-0c1e4fd70a2cb99ff",
                            "owner_id": "994028855668",
                            "tags.%": "1",
                            "tags.Name": "tf-vpc-dev"
                        },
                        "meta": {
                            "schema_version": "1"
                        },
                        "tainted": false
                    },
                    "deposed": [],
                    "provider": "provider.aws"
                },
                "data.aws_availability_zones.azs": {
                    "type": "aws_availability_zones",
                    "depends_on": [],
                    "primary": {
                        "id": "2019-02-21 05:27:52.002304295 +0000 UTC",
                        "attributes": {
                            "id": "2019-02-21 05:27:52.002304295 +0000 UTC",
                            "names.#": "6",
                            "names.0": "us-east-1a",
                            "names.1": "us-east-1b",
                            "names.2": "us-east-1c",
                            "names.3": "us-east-1d",
                            "names.4": "us-east-1e",
                            "names.5": "us-east-1f",
                            "zone_ids.#": "6",
                            "zone_ids.0": "use1-az4",
                            "zone_ids.1": "use1-az6",
                            "zone_ids.2": "use1-az1",
                            "zone_ids.3": "use1-az2",
                            "zone_ids.4": "use1-az3",
                            "zone_ids.5": "use1-az5"
                        },
                        "meta": {},
                        "tainted": false
                    },
                    "deposed": [],
                    "provider": "provider.aws"
                }
            },
            "depends_on": []
        }
    ]
}
